// !$*UTF8*$!
{
	archiveVersion = 1;
	classes = {
	};
	objectVersion = 56;
	objects = {

/* Begin PBXBuildFile section */
		27281F1B2AFA8299007E5C81 /* AppDelegate.swift in Sources */ = {isa = PBXBuildFile; fileRef = 27281F1A2AFA8299007E5C81 /* AppDelegate.swift */; };
		27281F1F2AFA8299007E5C81 /* MovieViewController.swift in Sources */ = {isa = PBXBuildFile; fileRef = 27281F1E2AFA8299007E5C81 /* MovieViewController.swift */; };
		27281F252AFA8299007E5C81 /* MovieApp.xcdatamodeld in Sources */ = {isa = PBXBuildFile; fileRef = 27281F232AFA8299007E5C81 /* MovieApp.xcdatamodeld */; };
		27281F272AFA8299007E5C81 /* Assets.xcassets in Resources */ = {isa = PBXBuildFile; fileRef = 27281F262AFA8299007E5C81 /* Assets.xcassets */; };
		27281F2A2AFA8299007E5C81 /* LaunchScreen.storyboard in Resources */ = {isa = PBXBuildFile; fileRef = 27281F282AFA8299007E5C81 /* LaunchScreen.storyboard */; };
		27802F4F2AFA8A6700A57667 /* VerticalMovieCell.swift in Sources */ = {isa = PBXBuildFile; fileRef = 27802F4E2AFA8A6700A57667 /* VerticalMovieCell.swift */; };
		27802F592AFBA66500A57667 /* HorizontalMovieCell.swift in Sources */ = {isa = PBXBuildFile; fileRef = 27802F582AFBA66500A57667 /* HorizontalMovieCell.swift */; };
		27802F5C2AFBC97B00A57667 /* Request.swift in Sources */ = {isa = PBXBuildFile; fileRef = 27802F5B2AFBC97B00A57667 /* Request.swift */; };
		27802F5E2AFBCA4200A57667 /* Service.swift in Sources */ = {isa = PBXBuildFile; fileRef = 27802F5D2AFBCA4200A57667 /* Service.swift */; };
		27802F602AFBCCFB00A57667 /* MovieViewModel.swift in Sources */ = {isa = PBXBuildFile; fileRef = 27802F5F2AFBCCFB00A57667 /* MovieViewModel.swift */; };
		27802F622AFBCD5200A57667 /* MovieUseCase.swift in Sources */ = {isa = PBXBuildFile; fileRef = 27802F612AFBCD5200A57667 /* MovieUseCase.swift */; };
		27802F652AFBCE3900A57667 /* ResponseModel.swift in Sources */ = {isa = PBXBuildFile; fileRef = 27802F642AFBCE3900A57667 /* ResponseModel.swift */; };
		27802F672AFE4A8600A57667 /* VerticalMovieView.swift in Sources */ = {isa = PBXBuildFile; fileRef = 27802F662AFE4A8600A57667 /* VerticalMovieView.swift */; };
		27802F692AFE4C4400A57667 /* HorizontalMovieView.swift in Sources */ = {isa = PBXBuildFile; fileRef = 27802F682AFE4C4400A57667 /* HorizontalMovieView.swift */; };
		27802F6B2AFE4EBF00A57667 /* HorizontalMovieViewModel.swift in Sources */ = {isa = PBXBuildFile; fileRef = 27802F6A2AFE4EBF00A57667 /* HorizontalMovieViewModel.swift */; };
		27802F6D2AFE5A0300A57667 /* VerticalMovieViewModel.swift in Sources */ = {isa = PBXBuildFile; fileRef = 27802F6C2AFE5A0300A57667 /* VerticalMovieViewModel.swift */; };
		AD4B9F497BA0B3DBEE4794FB /* Pods_MovieApp.framework in Frameworks */ = {isa = PBXBuildFile; fileRef = D29CF1AD9A81673F47C88C3E /* Pods_MovieApp.framework */; };
/* End PBXBuildFile section */

/* Begin PBXFileReference section */
		27281F172AFA8299007E5C81 /* MovieApp.app */ = {isa = PBXFileReference; explicitFileType = wrapper.application; includeInIndex = 0; path = MovieApp.app; sourceTree = BUILT_PRODUCTS_DIR; };
		27281F1A2AFA8299007E5C81 /* AppDelegate.swift */ = {isa = PBXFileReference; lastKnownFileType = sourcecode.swift; path = AppDelegate.swift; sourceTree = "<group>"; };
		27281F1E2AFA8299007E5C81 /* MovieViewController.swift */ = {isa = PBXFileReference; lastKnownFileType = sourcecode.swift; path = MovieViewController.swift; sourceTree = "<group>"; };
		27281F242AFA8299007E5C81 /* MovieApp.xcdatamodel */ = {isa = PBXFileReference; lastKnownFileType = wrapper.xcdatamodel; path = MovieApp.xcdatamodel; sourceTree = "<group>"; };
		27281F262AFA8299007E5C81 /* Assets.xcassets */ = {isa = PBXFileReference; lastKnownFileType = folder.assetcatalog; path = Assets.xcassets; sourceTree = "<group>"; };
		27281F292AFA8299007E5C81 /* Base */ = {isa = PBXFileReference; lastKnownFileType = file.storyboard; name = Base; path = Base.lproj/LaunchScreen.storyboard; sourceTree = "<group>"; };
		27281F2B2AFA8299007E5C81 /* Info.plist */ = {isa = PBXFileReference; lastKnownFileType = text.plist.xml; path = Info.plist; sourceTree = "<group>"; };
		27802F4E2AFA8A6700A57667 /* VerticalMovieCell.swift */ = {isa = PBXFileReference; lastKnownFileType = sourcecode.swift; path = VerticalMovieCell.swift; sourceTree = "<group>"; };
		27802F582AFBA66500A57667 /* HorizontalMovieCell.swift */ = {isa = PBXFileReference; lastKnownFileType = sourcecode.swift; path = HorizontalMovieCell.swift; sourceTree = "<group>"; };
		27802F5B2AFBC97B00A57667 /* Request.swift */ = {isa = PBXFileReference; lastKnownFileType = sourcecode.swift; path = Request.swift; sourceTree = "<group>"; };
		27802F5D2AFBCA4200A57667 /* Service.swift */ = {isa = PBXFileReference; lastKnownFileType = sourcecode.swift; path = Service.swift; sourceTree = "<group>"; };
		27802F5F2AFBCCFB00A57667 /* MovieViewModel.swift */ = {isa = PBXFileReference; lastKnownFileType = sourcecode.swift; path = MovieViewModel.swift; sourceTree = "<group>"; };
		27802F612AFBCD5200A57667 /* MovieUseCase.swift */ = {isa = PBXFileReference; lastKnownFileType = sourcecode.swift; path = MovieUseCase.swift; sourceTree = "<group>"; };
		27802F642AFBCE3900A57667 /* ResponseModel.swift */ = {isa = PBXFileReference; lastKnownFileType = sourcecode.swift; path = ResponseModel.swift; sourceTree = "<group>"; };
		27802F662AFE4A8600A57667 /* VerticalMovieView.swift */ = {isa = PBXFileReference; lastKnownFileType = sourcecode.swift; path = VerticalMovieView.swift; sourceTree = "<group>"; };
		27802F682AFE4C4400A57667 /* HorizontalMovieView.swift */ = {isa = PBXFileReference; lastKnownFileType = sourcecode.swift; path = HorizontalMovieView.swift; sourceTree = "<group>"; };
		27802F6A2AFE4EBF00A57667 /* HorizontalMovieViewModel.swift */ = {isa = PBXFileReference; lastKnownFileType = sourcecode.swift; path = HorizontalMovieViewModel.swift; sourceTree = "<group>"; };
		27802F6C2AFE5A0300A57667 /* VerticalMovieViewModel.swift */ = {isa = PBXFileReference; lastKnownFileType = sourcecode.swift; path = VerticalMovieViewModel.swift; sourceTree = "<group>"; };
		7221D04AFE21A1600B71306F /* Pods-MovieApp.debug.xcconfig */ = {isa = PBXFileReference; includeInIndex = 1; lastKnownFileType = text.xcconfig; name = "Pods-MovieApp.debug.xcconfig"; path = "Target Support Files/Pods-MovieApp/Pods-MovieApp.debug.xcconfig"; sourceTree = "<group>"; };
		86DFA2F12C0BD25DCD4BEFE0 /* Pods-MovieApp.release.xcconfig */ = {isa = PBXFileReference; includeInIndex = 1; lastKnownFileType = text.xcconfig; name = "Pods-MovieApp.release.xcconfig"; path = "Target Support Files/Pods-MovieApp/Pods-MovieApp.release.xcconfig"; sourceTree = "<group>"; };
		D29CF1AD9A81673F47C88C3E /* Pods_MovieApp.framework */ = {isa = PBXFileReference; explicitFileType = wrapper.framework; includeInIndex = 0; path = Pods_MovieApp.framework; sourceTree = BUILT_PRODUCTS_DIR; };
/* End PBXFileReference section */

/* Begin PBXFrameworksBuildPhase section */
		27281F142AFA8299007E5C81 /* Frameworks */ = {
			isa = PBXFrameworksBuildPhase;
			buildActionMask = 2147483647;
			files = (
				AD4B9F497BA0B3DBEE4794FB /* Pods_MovieApp.framework in Frameworks */,
			);
			runOnlyForDeploymentPostprocessing = 0;
		};
/* End PBXFrameworksBuildPhase section */

/* Begin PBXGroup section */
		27281F0E2AFA8298007E5C81 = {
			isa = PBXGroup;
			children = (
				27281F192AFA8299007E5C81 /* MovieApp */,
				27281F182AFA8299007E5C81 /* Products */,
				4D40AE5B86A6098CAE9A1CEA /* Pods */,
				43E5CDE49F00353575F4899E /* Frameworks */,
			);
			sourceTree = "<group>";
		};
		27281F182AFA8299007E5C81 /* Products */ = {
			isa = PBXGroup;
			children = (
				27281F172AFA8299007E5C81 /* MovieApp.app */,
			);
			name = Products;
			sourceTree = "<group>";
		};
		27281F192AFA8299007E5C81 /* MovieApp */ = {
			isa = PBXGroup;
			children = (
				27802F632AFBCDB400A57667 /* Model */,
				27802F5A2AFBC96800A57667 /* Service */,
				27281F2B2AFA8299007E5C81 /* Info.plist */,
				27802F492AFA89E600A57667 /* Views */,
				27802F482AFA89DD00A57667 /* Scene */,
				27802F472AFA89CF00A57667 /* Resource */,
			);
			path = MovieApp;
			sourceTree = "<group>";
		};
		27802F472AFA89CF00A57667 /* Resource */ = {
			isa = PBXGroup;
			children = (
				27281F232AFA8299007E5C81 /* MovieApp.xcdatamodeld */,
				27281F282AFA8299007E5C81 /* LaunchScreen.storyboard */,
				27281F262AFA8299007E5C81 /* Assets.xcassets */,
				27281F1A2AFA8299007E5C81 /* AppDelegate.swift */,
			);
			path = Resource;
			sourceTree = "<group>";
		};
		27802F482AFA89DD00A57667 /* Scene */ = {
			isa = PBXGroup;
			children = (
				27281F1E2AFA8299007E5C81 /* MovieViewController.swift */,
				27802F5F2AFBCCFB00A57667 /* MovieViewModel.swift */,
			);
			path = Scene;
			sourceTree = "<group>";
		};
		27802F492AFA89E600A57667 /* Views */ = {
			isa = PBXGroup;
			children = (
				27802F572AFBA65300A57667 /* HorizontalMovieView */,
				27802F4C2AFA8A3C00A57667 /* VertialMovieView */,
			);
			path = Views;
			sourceTree = "<group>";
		};
		27802F4C2AFA8A3C00A57667 /* VertialMovieView */ = {
			isa = PBXGroup;
			children = (
				27802F4E2AFA8A6700A57667 /* VerticalMovieCell.swift */,
				27802F662AFE4A8600A57667 /* VerticalMovieView.swift */,
				27802F6C2AFE5A0300A57667 /* VerticalMovieViewModel.swift */,
			);
			path = VertialMovieView;
			sourceTree = "<group>";
		};
		27802F572AFBA65300A57667 /* HorizontalMovieView */ = {
			isa = PBXGroup;
			children = (
				27802F582AFBA66500A57667 /* HorizontalMovieCell.swift */,
				27802F682AFE4C4400A57667 /* HorizontalMovieView.swift */,
				27802F6A2AFE4EBF00A57667 /* HorizontalMovieViewModel.swift */,
			);
			path = HorizontalMovieView;
			sourceTree = "<group>";
		};
		27802F5A2AFBC96800A57667 /* Service */ = {
			isa = PBXGroup;
			children = (
				27802F5B2AFBC97B00A57667 /* Request.swift */,
				27802F5D2AFBCA4200A57667 /* Service.swift */,
				27802F612AFBCD5200A57667 /* MovieUseCase.swift */,
			);
			path = Service;
			sourceTree = "<group>";
		};
		27802F632AFBCDB400A57667 /* Model */ = {
			isa = PBXGroup;
			children = (
				27802F642AFBCE3900A57667 /* ResponseModel.swift */,
			);
			path = Model;
			sourceTree = "<group>";
		};
		43E5CDE49F00353575F4899E /* Frameworks */ = {
			isa = PBXGroup;
			children = (
				D29CF1AD9A81673F47C88C3E /* Pods_MovieApp.framework */,
			);
			name = Frameworks;
			sourceTree = "<group>";
		};
		4D40AE5B86A6098CAE9A1CEA /* Pods */ = {
			isa = PBXGroup;
			children = (
				7221D04AFE21A1600B71306F /* Pods-MovieApp.debug.xcconfig */,
				86DFA2F12C0BD25DCD4BEFE0 /* Pods-MovieApp.release.xcconfig */,
			);
			path = Pods;
			sourceTree = "<group>";
		};
/* End PBXGroup section */

/* Begin PBXNativeTarget section */
		27281F162AFA8299007E5C81 /* MovieApp */ = {
			isa = PBXNativeTarget;
			buildConfigurationList = 27281F2E2AFA8299007E5C81 /* Build configuration list for PBXNativeTarget "MovieApp" */;
			buildPhases = (
				ED00D4BCEE3BB5093D54106E /* [CP] Check Pods Manifest.lock */,
				27281F132AFA8299007E5C81 /* Sources */,
				27281F142AFA8299007E5C81 /* Frameworks */,
				27281F152AFA8299007E5C81 /* Resources */,
				29CE128473FD22B3E345CE30 /* [CP] Embed Pods Frameworks */,
			);
			buildRules = (
			);
			dependencies = (
			);
			name = MovieApp;
			productName = MovieApp;
			productReference = 27281F172AFA8299007E5C81 /* MovieApp.app */;
			productType = "com.apple.product-type.application";
		};
/* End PBXNativeTarget section */

/* Begin PBXProject section */
		27281F0F2AFA8298007E5C81 /* Project object */ = {
			isa = PBXProject;
			attributes = {
				BuildIndependentTargetsInParallel = 1;
				LastSwiftUpdateCheck = 1430;
				LastUpgradeCheck = 1430;
				TargetAttributes = {
					27281F162AFA8299007E5C81 = {
						CreatedOnToolsVersion = 14.3.1;
					};
				};
			};
			buildConfigurationList = 27281F122AFA8298007E5C81 /* Build configuration list for PBXProject "MovieApp" */;
			compatibilityVersion = "Xcode 14.0";
			developmentRegion = en;
			hasScannedForEncodings = 0;
			knownRegions = (
				en,
				Base,
			);
			mainGroup = 27281F0E2AFA8298007E5C81;
			productRefGroup = 27281F182AFA8299007E5C81 /* Products */;
			projectDirPath = "";
			projectRoot = "";
			targets = (
				27281F162AFA8299007E5C81 /* MovieApp */,
			);
		};
/* End PBXProject section */

/* Begin PBXResourcesBuildPhase section */
		27281F152AFA8299007E5C81 /* Resources */ = {
			isa = PBXResourcesBuildPhase;
			buildActionMask = 2147483647;
			files = (
				27281F2A2AFA8299007E5C81 /* LaunchScreen.storyboard in Resources */,
				27281F272AFA8299007E5C81 /* Assets.xcassets in Resources */,
			);
			runOnlyForDeploymentPostprocessing = 0;
		};
/* End PBXResourcesBuildPhase section */

/* Begin PBXShellScriptBuildPhase section */
		29CE128473FD22B3E345CE30 /* [CP] Embed Pods Frameworks */ = {
			isa = PBXShellScriptBuildPhase;
			buildActionMask = 2147483647;
			files = (
			);
			inputFileListPaths = (
				"${PODS_ROOT}/Target Support Files/Pods-MovieApp/Pods-MovieApp-frameworks-${CONFIGURATION}-input-files.xcfilelist",
			);
			name = "[CP] Embed Pods Frameworks";
			outputFileListPaths = (
				"${PODS_ROOT}/Target Support Files/Pods-MovieApp/Pods-MovieApp-frameworks-${CONFIGURATION}-output-files.xcfilelist",
			);
			runOnlyForDeploymentPostprocessing = 0;
			shellPath = /bin/sh;
			shellScript = "\"${PODS_ROOT}/Target Support Files/Pods-MovieApp/Pods-MovieApp-frameworks.sh\"\n";
			showEnvVarsInLog = 0;
		};
		ED00D4BCEE3BB5093D54106E /* [CP] Check Pods Manifest.lock */ = {
			isa = PBXShellScriptBuildPhase;
			buildActionMask = 2147483647;
			files = (
			);
			inputFileListPaths = (
			);
			inputPaths = (
				"${PODS_PODFILE_DIR_PATH}/Podfile.lock",
				"${PODS_ROOT}/Manifest.lock",
			);
			name = "[CP] Check Pods Manifest.lock";
			outputFileListPaths = (
			);
			outputPaths = (
				"$(DERIVED_FILE_DIR)/Pods-MovieApp-checkManifestLockResult.txt",
			);
			runOnlyForDeploymentPostprocessing = 0;
			shellPath = /bin/sh;
			shellScript = "diff \"${PODS_PODFILE_DIR_PATH}/Podfile.lock\" \"${PODS_ROOT}/Manifest.lock\" > /dev/null\nif [ $? != 0 ] ; then\n    # print error to STDERR\n    echo \"error: The sandbox is not in sync with the Podfile.lock. Run 'pod install' or update your CocoaPods installation.\" >&2\n    exit 1\nfi\n# This output is used by Xcode 'outputs' to avoid re-running this script phase.\necho \"SUCCESS\" > \"${SCRIPT_OUTPUT_FILE_0}\"\n";
			showEnvVarsInLog = 0;
		};
/* End PBXShellScriptBuildPhase section */

/* Begin PBXSourcesBuildPhase section */
		27281F132AFA8299007E5C81 /* Sources */ = {
			isa = PBXSourcesBuildPhase;
			buildActionMask = 2147483647;
			files = (
				27802F4F2AFA8A6700A57667 /* VerticalMovieCell.swift in Sources */,
				27802F622AFBCD5200A57667 /* MovieUseCase.swift in Sources */,
				27802F5E2AFBCA4200A57667 /* Service.swift in Sources */,
				27802F5C2AFBC97B00A57667 /* Request.swift in Sources */,
				27802F602AFBCCFB00A57667 /* MovieViewModel.swift in Sources */,
				27802F6D2AFE5A0300A57667 /* VerticalMovieViewModel.swift in Sources */,
				27802F6B2AFE4EBF00A57667 /* HorizontalMovieViewModel.swift in Sources */,
				27802F692AFE4C4400A57667 /* HorizontalMovieView.swift in Sources */,
				27802F592AFBA66500A57667 /* HorizontalMovieCell.swift in Sources */,
				27802F672AFE4A8600A57667 /* VerticalMovieView.swift in Sources */,
				27281F1F2AFA8299007E5C81 /* MovieViewController.swift in Sources */,
				27281F1B2AFA8299007E5C81 /* AppDelegate.swift in Sources */,
				27802F652AFBCE3900A57667 /* ResponseModel.swift in Sources */,
				27281F252AFA8299007E5C81 /* MovieApp.xcdatamodeld in Sources */,
			);
			runOnlyForDeploymentPostprocessing = 0;
		};
/* End PBXSourcesBuildPhase section */

/* Begin PBXVariantGroup section */
		27281F282AFA8299007E5C81 /* LaunchScreen.storyboard */ = {
			isa = PBXVariantGroup;
			children = (
				27281F292AFA8299007E5C81 /* Base */,
			);
			name = LaunchScreen.storyboard;
			sourceTree = "<group>";
		};
/* End PBXVariantGroup section */

/* Begin XCBuildConfiguration section */
		27281F2C2AFA8299007E5C81 /* Debug */ = {
			isa = XCBuildConfiguration;
			buildSettings = {
				ALWAYS_SEARCH_USER_PATHS = NO;
				CLANG_ANALYZER_NONNULL = YES;
				CLANG_ANALYZER_NUMBER_OBJECT_CONVERSION = YES_AGGRESSIVE;
				CLANG_CXX_LANGUAGE_STANDARD = "gnu++20";
				CLANG_ENABLE_MODULES = YES;
				CLANG_ENABLE_OBJC_ARC = YES;
				CLANG_ENABLE_OBJC_WEAK = YES;
				CLANG_WARN_BLOCK_CAPTURE_AUTORELEASING = YES;
				CLANG_WARN_BOOL_CONVERSION = YES;
				CLANG_WARN_COMMA = YES;
				CLANG_WARN_CONSTANT_CONVERSION = YES;
				CLANG_WARN_DEPRECATED_OBJC_IMPLEMENTATIONS = YES;
				CLANG_WARN_DIRECT_OBJC_ISA_USAGE = YES_ERROR;
				CLANG_WARN_DOCUMENTATION_COMMENTS = YES;
				CLANG_WARN_EMPTY_BODY = YES;
				CLANG_WARN_ENUM_CONVERSION = YES;
				CLANG_WARN_INFINITE_RECURSION = YES;
				CLANG_WARN_INT_CONVERSION = YES;
				CLANG_WARN_NON_LITERAL_NULL_CONVERSION = YES;
				CLANG_WARN_OBJC_IMPLICIT_RETAIN_SELF = YES;
				CLANG_WARN_OBJC_LITERAL_CONVERSION = YES;
				CLANG_WARN_OBJC_ROOT_CLASS = YES_ERROR;
				CLANG_WARN_QUOTED_INCLUDE_IN_FRAMEWORK_HEADER = YES;
				CLANG_WARN_RANGE_LOOP_ANALYSIS = YES;
				CLANG_WARN_STRICT_PROTOTYPES = YES;
				CLANG_WARN_SUSPICIOUS_MOVE = YES;
				CLANG_WARN_UNGUARDED_AVAILABILITY = YES_AGGRESSIVE;
				CLANG_WARN_UNREACHABLE_CODE = YES;
				CLANG_WARN__DUPLICATE_METHOD_MATCH = YES;
				COPY_PHASE_STRIP = NO;
				DEBUG_INFORMATION_FORMAT = dwarf;
				ENABLE_STRICT_OBJC_MSGSEND = YES;
				ENABLE_TESTABILITY = YES;
				GCC_C_LANGUAGE_STANDARD = gnu11;
				GCC_DYNAMIC_NO_PIC = NO;
				GCC_NO_COMMON_BLOCKS = YES;
				GCC_OPTIMIZATION_LEVEL = 0;
				GCC_PREPROCESSOR_DEFINITIONS = (
					"DEBUG=1",
					"$(inherited)",
				);
				GCC_WARN_64_TO_32_BIT_CONVERSION = YES;
				GCC_WARN_ABOUT_RETURN_TYPE = YES_ERROR;
				GCC_WARN_UNDECLARED_SELECTOR = YES;
				GCC_WARN_UNINITIALIZED_AUTOS = YES_AGGRESSIVE;
				GCC_WARN_UNUSED_FUNCTION = YES;
				GCC_WARN_UNUSED_VARIABLE = YES;
				IPHONEOS_DEPLOYMENT_TARGET = 16.4;
				MTL_ENABLE_DEBUG_INFO = INCLUDE_SOURCE;
				MTL_FAST_MATH = YES;
				ONLY_ACTIVE_ARCH = YES;
				SDKROOT = iphoneos;
				SWIFT_ACTIVE_COMPILATION_CONDITIONS = DEBUG;
				SWIFT_OPTIMIZATION_LEVEL = "-Onone";
			};
			name = Debug;
		};
		27281F2D2AFA8299007E5C81 /* Release */ = {
			isa = XCBuildConfiguration;
			buildSettings = {
				ALWAYS_SEARCH_USER_PATHS = NO;
				CLANG_ANALYZER_NONNULL = YES;
				CLANG_ANALYZER_NUMBER_OBJECT_CONVERSION = YES_AGGRESSIVE;
				CLANG_CXX_LANGUAGE_STANDARD = "gnu++20";
				CLANG_ENABLE_MODULES = YES;
				CLANG_ENABLE_OBJC_ARC = YES;
				CLANG_ENABLE_OBJC_WEAK = YES;
				CLANG_WARN_BLOCK_CAPTURE_AUTORELEASING = YES;
				CLANG_WARN_BOOL_CONVERSION = YES;
				CLANG_WARN_COMMA = YES;
				CLANG_WARN_CONSTANT_CONVERSION = YES;
				CLANG_WARN_DEPRECATED_OBJC_IMPLEMENTATIONS = YES;
				CLANG_WARN_DIRECT_OBJC_ISA_USAGE = YES_ERROR;
				CLANG_WARN_DOCUMENTATION_COMMENTS = YES;
				CLANG_WARN_EMPTY_BODY = YES;
				CLANG_WARN_ENUM_CONVERSION = YES;
				CLANG_WARN_INFINITE_RECURSION = YES;
				CLANG_WARN_INT_CONVERSION = YES;
				CLANG_WARN_NON_LITERAL_NULL_CONVERSION = YES;
				CLANG_WARN_OBJC_IMPLICIT_RETAIN_SELF = YES;
				CLANG_WARN_OBJC_LITERAL_CONVERSION = YES;
				CLANG_WARN_OBJC_ROOT_CLASS = YES_ERROR;
				CLANG_WARN_QUOTED_INCLUDE_IN_FRAMEWORK_HEADER = YES;
				CLANG_WARN_RANGE_LOOP_ANALYSIS = YES;
				CLANG_WARN_STRICT_PROTOTYPES = YES;
				CLANG_WARN_SUSPICIOUS_MOVE = YES;
				CLANG_WARN_UNGUARDED_AVAILABILITY = YES_AGGRESSIVE;
				CLANG_WARN_UNREACHABLE_CODE = YES;
				CLANG_WARN__DUPLICATE_METHOD_MATCH = YES;
				COPY_PHASE_STRIP = NO;
				DEBUG_INFORMATION_FORMAT = "dwarf-with-dsym";
				ENABLE_NS_ASSERTIONS = NO;
				ENABLE_STRICT_OBJC_MSGSEND = YES;
				GCC_C_LANGUAGE_STANDARD = gnu11;
				GCC_NO_COMMON_BLOCKS = YES;
				GCC_WARN_64_TO_32_BIT_CONVERSION = YES;
				GCC_WARN_ABOUT_RETURN_TYPE = YES_ERROR;
				GCC_WARN_UNDECLARED_SELECTOR = YES;
				GCC_WARN_UNINITIALIZED_AUTOS = YES_AGGRESSIVE;
				GCC_WARN_UNUSED_FUNCTION = YES;
				GCC_WARN_UNUSED_VARIABLE = YES;
				IPHONEOS_DEPLOYMENT_TARGET = 16.4;
				MTL_ENABLE_DEBUG_INFO = NO;
				MTL_FAST_MATH = YES;
				SDKROOT = iphoneos;
				SWIFT_COMPILATION_MODE = wholemodule;
				SWIFT_OPTIMIZATION_LEVEL = "-O";
				VALIDATE_PRODUCT = YES;
			};
			name = Release;
		};
		27281F2F2AFA8299007E5C81 /* Debug */ = {
			isa = XCBuildConfiguration;
			baseConfigurationReference = 7221D04AFE21A1600B71306F /* Pods-MovieApp.debug.xcconfig */;
			buildSettings = {
				ASSETCATALOG_COMPILER_APPICON_NAME = AppIcon;
				ASSETCATALOG_COMPILER_GLOBAL_ACCENT_COLOR_NAME = AccentColor;
				CODE_SIGN_STYLE = Automatic;
				CURRENT_PROJECT_VERSION = 1;
				DEVELOPMENT_TEAM = VS6N5DBC8A;
				GENERATE_INFOPLIST_FILE = YES;
				INFOPLIST_FILE = MovieApp/Info.plist;
				INFOPLIST_KEY_UIApplicationSupportsIndirectInputEvents = YES;
				INFOPLIST_KEY_UILaunchStoryboardName = LaunchScreen;
				INFOPLIST_KEY_UISupportedInterfaceOrientations_iPad = "UIInterfaceOrientationPortrait UIInterfaceOrientationPortraitUpsideDown UIInterfaceOrientationLandscapeLeft UIInterfaceOrientationLandscapeRight";
				INFOPLIST_KEY_UISupportedInterfaceOrientations_iPhone = "UIInterfaceOrientationPortrait UIInterfaceOrientationLandscapeLeft UIInterfaceOrientationLandscapeRight";
				IPHONEOS_DEPLOYMENT_TARGET = 11.0;
				LD_RUNPATH_SEARCH_PATHS = (
					"$(inherited)",
					"@executable_path/Frameworks",
				);
				MARKETING_VERSION = 1.0;
				PRODUCT_BUNDLE_IDENTIFIER = com.kaangokcek.MovieApp;
				PRODUCT_NAME = "$(TARGET_NAME)";
				SWIFT_EMIT_LOC_STRINGS = YES;
				SWIFT_VERSION = 5.0;
				TARGETED_DEVICE_FAMILY = "1,2";
			};
			name = Debug;
		};
		27281F302AFA8299007E5C81 /* Release */ = {
			isa = XCBuildConfiguration;
			baseConfigurationReference = 86DFA2F12C0BD25DCD4BEFE0 /* Pods-MovieApp.release.xcconfig */;
			buildSettings = {
				ASSETCATALOG_COMPILER_APPICON_NAME = AppIcon;
				ASSETCATALOG_COMPILER_GLOBAL_ACCENT_COLOR_NAME = AccentColor;
				CODE_SIGN_STYLE = Automatic;
				CURRENT_PROJECT_VERSION = 1;
				DEVELOPMENT_TEAM = VS6N5DBC8A;
				GENERATE_INFOPLIST_FILE = YES;
				INFOPLIST_FILE = MovieApp/Info.plist;
				INFOPLIST_KEY_UIApplicationSupportsIndirectInputEvents = YES;
				INFOPLIST_KEY_UILaunchStoryboardName = LaunchScreen;
				INFOPLIST_KEY_UISupportedInterfaceOrientations_iPad = "UIInterfaceOrientationPortrait UIInterfaceOrientationPortraitUpsideDown UIInterfaceOrientationLandscapeLeft UIInterfaceOrientationLandscapeRight";
				INFOPLIST_KEY_UISupportedInterfaceOrientations_iPhone = "UIInterfaceOrientationPortrait UIInterfaceOrientationLandscapeLeft UIInterfaceOrientationLandscapeRight";
				IPHONEOS_DEPLOYMENT_TARGET = 11.0;
				LD_RUNPATH_SEARCH_PATHS = (
					"$(inherited)",
					"@executable_path/Frameworks",
				);
				MARKETING_VERSION = 1.0;
				PRODUCT_BUNDLE_IDENTIFIER = com.kaangokcek.MovieApp;
				PRODUCT_NAME = "$(TARGET_NAME)";
				SWIFT_EMIT_LOC_STRINGS = YES;
				SWIFT_VERSION = 5.0;
				TARGETED_DEVICE_FAMILY = "1,2";
			};
			name = Release;
		};
/* End XCBuildConfiguration section */

/* Begin XCConfigurationList section */
		27281F122AFA8298007E5C81 /* Build configuration list for PBXProject "MovieApp" */ = {
			isa = XCConfigurationList;
			buildConfigurations = (
				27281F2C2AFA8299007E5C81 /* Debug */,
				27281F2D2AFA8299007E5C81 /* Release */,
			);
			defaultConfigurationIsVisible = 0;
			defaultConfigurationName = Release;
		};
		27281F2E2AFA8299007E5C81 /* Build configuration list for PBXNativeTarget "MovieApp" */ = {
			isa = XCConfigurationList;
			buildConfigurations = (
				27281F2F2AFA8299007E5C81 /* Debug */,
				27281F302AFA8299007E5C81 /* Release */,
			);
			defaultConfigurationIsVisible = 0;
			defaultConfigurationName = Release;
		};
/* End XCConfigurationList section */

/* Begin XCVersionGroup section */
		27281F232AFA8299007E5C81 /* MovieApp.xcdatamodeld */ = {
			isa = XCVersionGroup;
			children = (
				27281F242AFA8299007E5C81 /* MovieApp.xcdatamodel */,
			);
			currentVersion = 27281F242AFA8299007E5C81 /* MovieApp.xcdatamodel */;
			path = MovieApp.xcdatamodeld;
			sourceTree = "<group>";
			versionGroupType = wrapper.xcdatamodel;
		};
/* End XCVersionGroup section */
	};
	rootObject = 27281F0F2AFA8298007E5C81 /* Project object */;
}
